
Microsoft Visual Studio Solution File, Format Version 12.00
# Visual Studio Version 16
VisualStudioVersion = 16.0.31624.102
MinimumVisualStudioVersion = 10.0.40219.1
Project("{FAE04EC0-301F-11D3-BF4B-00C04F79EFBC}") = "SF.8_FINAL.TASK3", "SF.8_FINAL.TASK3\SF.8_FINAL.TASK3.csproj", "{3195A54D-1A42-46D1-9F1A-E3B0796D2279}"
EndProject
Global
	GlobalSection(SolutionConfigurationPlatforms) = preSolution
		Debug|Any CPU = Debug|Any CPU
		Release|Any CPU = Release|Any CPU
	EndGlobalSection
	GlobalSection(ProjectConfigurationPlatforms) = postSolution
		{3195A54D-1A42-46D1-9F1A-E3B0796D2279}.Debug|Any CPU.ActiveCfg = Debug|Any CPU
		{3195A54D-1A42-46D1-9F1A-E3B0796D2279}.Debug|Any CPU.Build.0 = Debug|Any CPU
		{3195A54D-1A42-46D1-9F1A-E3B0796D2279}.Release|Any CPU.ActiveCfg = Release|Any CPU
		{3195A54D-1A42-46D1-9F1A-E3B0796D2279}.Release|Any CPU.Build.0 = Release|Any CPU
	EndGlobalSection
	GlobalSection(SolutionProperties) = preSolution
		HideSolutionNode = FALSE
	EndGlobalSection
	GlobalSection(ExtensibilityGlobals) = postSolution
		SolutionGuid = {45C6FB9D-A1E0-48E1-A999-D82BE5BD267A}
	EndGlobalSection
EndGlobal
